lockfileVersion: 5.4

specifiers:
  '@types/hyperbee': ./@types/hyperbee
  '@types/hypercore': ./@types/hypercore
  '@types/hyperdrive': link:@types/hyperdrive
  '@types/node': ^18.11.18
  corestore: ^6.4.1
  hyperdrive: 11.0.0-alpha.10
  nodemon: ^2.0.20
  random-access-memory: ^6.1.0
  tslib: ^2.4.1
  typescript: ^4.9.3

dependencies:
  hyperdrive: 11.0.0-alpha.10

devDependencies:
  '@types/hyperbee': link:@types/hyperbee
  '@types/hypercore': link:@types/hypercore
  '@types/hyperdrive': link:@types/hyperdrive
  '@types/node': 18.11.18
  corestore: 6.4.1
  nodemon: 2.0.20
  random-access-memory: 6.1.0
  tslib: 2.4.1
  typescript: 4.9.4

packages:

  /@hyperswarm/secret-stream/6.1.2:
    resolution: {integrity: sha512-oem+ZEG+wOU1K47qGi51pKyqG1N3F+zz42xmReHeGZVR84y+K+6VQIXCON4EozYad8HEGCixpupt8yH8W4sMxg==}
    dependencies:
      b4a: 1.6.1
      hypercore-crypto: 3.3.1
      noise-curve-ed: 2.0.1
      noise-handshake: 3.0.2
      sodium-secretstream: 1.1.0
      sodium-universal: 4.0.0
      streamx: 2.13.0
      timeout-refresh: 2.0.1
    dev: true

  /@types/node/18.11.18:
    resolution: {integrity: sha512-DHQpWGjyQKSHj3ebjFI/wRKcqQcdR+MoFBygntYOZytCqNfkd2ZC4ARDJ2DQqhjH5p85Nnd3jhUJIXrszFX/JA==}
    dev: true

  /abbrev/1.1.1:
    resolution: {integrity: sha512-nne9/IiQ/hzIhY6pdDnbBtz7DjPTKrY00P/zvPSm5pOFkl6xuGrGnXn/VtTNNfNtAfZ9/1RtehkszU9qcTii0Q==}
    dev: true

  /anymatch/3.1.3:
    resolution: {integrity: sha512-KMReFUr0B4t+D+OBkjR3KYqvocp2XaSzO55UcB6mgQMd3KbcE+mWTyvVV7D/zsdEbNnV6acZUutkiHQXvTr1Rw==}
    engines: {node: '>= 8'}
    dependencies:
      normalize-path: 3.0.0
      picomatch: 2.3.1
    dev: true

  /b4a/1.6.1:
    resolution: {integrity: sha512-AsKjNhz72yxteo/0EtQEiwkMUgk/tGmycXlbG4g3Ard2/ULtNLUykGOkeK0egmN27h0xMAhb76jYccW+XTBExA==}

  /balanced-match/1.0.2:
    resolution: {integrity: sha512-3oSeUO0TMV67hN1AmbXsK4yaqU7tjiHlbxRDZOpH0KW9+CeX4bRAaX0Anxt0tx2MrpRpWwQaPwIlISEJhYU5Pw==}
    dev: true

  /big-sparse-array/1.0.3:
    resolution: {integrity: sha512-6RjV/3mSZORlMdpUaQ6rUSpG637cZm0//E54YYGtQg1c1O+AbZP8UTdJ/TchsDZcTVLmyWZcseBfp2HBeXUXOQ==}
    dev: true

  /binary-extensions/2.2.0:
    resolution: {integrity: sha512-jDctJ/IVQbZoJykoeHbhXpOlNBqGNcwXJKJog42E5HDPUwQTSdjCHdihjj0DlnheQ7blbT6dHOafNAiS8ooQKA==}
    engines: {node: '>=8'}
    dev: true

  /binary-stream-equals/1.0.0:
    resolution: {integrity: sha512-xiUT5LGfD8JiLhbXiG+ByOnbgb9f2ssRLfZDQMl3nZdf89EotQZGZuMkDN8J3n46emabE7RnJ1q0r7Hv3INExw==}
    dependencies:
      b4a: 1.6.1
    dev: false

  /blake2b-wasm/2.4.0:
    resolution: {integrity: sha512-S1kwmW2ZhZFFFOghcx73+ZajEfKBqhP82JMssxtLVMxlaPea1p9uoLiUZ5WYyHn0KddwbLc+0vh4wR0KBNoT5w==}
    dependencies:
      b4a: 1.6.1
      nanoassert: 2.0.0
    dev: true

  /blake2b/2.1.4:
    resolution: {integrity: sha512-AyBuuJNI64gIvwx13qiICz6H6hpmjvYS5DGkG6jbXMOT8Z3WUJ3V1X0FlhIoT1b/5JtHE3ki+xjtMvu1nn+t9A==}
    dependencies:
      blake2b-wasm: 2.4.0
      nanoassert: 2.0.0
    dev: true

  /brace-expansion/1.1.11:
    resolution: {integrity: sha512-iCuPHDFgrHX7H2vEI/5xpz07zSHB00TpugqhmYtVmMO6518mCuRMoOYFldEBl0g187ufozdaHgWKcYFb61qGiA==}
    dependencies:
      balanced-match: 1.0.2
      concat-map: 0.0.1
    dev: true

  /braces/3.0.2:
    resolution: {integrity: sha512-b8um+L1RzM3WDSzvhm6gIz1yfTbBt6YTlcEKAvsmqCZZFw46z626lVj9j1yEPW33H5H+lBQpZMP1k8l+78Ha0A==}
    engines: {node: '>=8'}
    dependencies:
      fill-range: 7.0.1
    dev: true

  /chacha20-universal/1.0.4:
    resolution: {integrity: sha512-/IOxdWWNa7nRabfe7+oF+jVkGjlr2xUL4J8l/OvzZhj+c9RpMqoo3Dq+5nU1j/BflRV4BKnaQ4+4oH1yBpQG1Q==}
    dependencies:
      nanoassert: 2.0.0
    dev: true

  /chokidar/3.5.3:
    resolution: {integrity: sha512-Dr3sfKRP6oTcjf2JmUmFJfeVMvXBdegxB0iVQ5eb2V10uFJUCAS8OByZdVAyVb8xXNz3GjjTgj9kLWsZTqE6kw==}
    engines: {node: '>= 8.10.0'}
    dependencies:
      anymatch: 3.1.3
      braces: 3.0.2
      glob-parent: 5.1.2
      is-binary-path: 2.1.0
      is-glob: 4.0.3
      normalize-path: 3.0.0
      readdirp: 3.6.0
    optionalDependencies:
      fsevents: 2.3.2
    dev: true

  /codecs/3.0.0:
    resolution: {integrity: sha512-tYnev/H2/q+dedb6/sDDvJLwzD2GqYIe8d7fKnyM2KxUKJ3xf/D7xG0nO/4WCT1yU1HQTvTq1o43QSQGmHcEmA==}
    dependencies:
      b4a: 1.6.1
    dev: false

  /compact-encoding/2.11.0:
    resolution: {integrity: sha512-CRfTuyy9Tg7EwxNKvIq3yFIr2JnJLyVr9Yj234VsDCL59hdXcZH3TdzY/2kwbAqVogIoRBJjnNKCEnXbxTIEeg==}
    dependencies:
      b4a: 1.6.1
    dev: true

  /concat-map/0.0.1:
    resolution: {integrity: sha512-/Srv4dswyQNBfohGpz9o6Yb3Gz3SrUDqBH5rTuhGR7ahtlbYKnVxw2bCFMRljaA7EXHaXZ8wsHdodFvbkhKmqg==}
    dev: true

  /corestore/6.4.1:
    resolution: {integrity: sha512-YLqS9Fmr79jY3YWkKf6OLtZH2OkaUzb3oJZeeQhKVR90IeyOHRlKGv7v2aMve+1OWX6HWO9V08IBOK/VMciC7w==}
    dependencies:
      b4a: 1.6.1
      hypercore: 10.5.4
      hypercore-crypto: 3.3.1
      safety-catch: 1.0.2
      sodium-universal: 4.0.0
      xache: 1.1.0
    dev: true

  /crc-universal/1.0.2:
    resolution: {integrity: sha512-RrQ/8bT3WKNsGQuHWV3wf3Y0SUJTa8GADrkrQ1gsDljJLs8h/ENJRFUkL3z1TRWas80gv3Kdo6z1IPYyVJ/sxQ==}
    dependencies:
      node-gyp-build: 4.6.0
    dev: true

  /debug/3.2.7_supports-color@5.5.0:
    resolution: {integrity: sha512-CFjzYYAi4ThfiQvizrFQevTTXHtnCqWfe7x1AhgEscTz6ZbLbfoLRLPugTQyBth6f8ZERVUSyWHFD/7Wu4t1XQ==}
    peerDependencies:
      supports-color: '*'
    peerDependenciesMeta:
      supports-color:
        optional: true
    dependencies:
      ms: 2.1.3
      supports-color: 5.5.0
    dev: true

  /events/3.3.0:
    resolution: {integrity: sha512-mQw+2fkQbALzQ7V0MY0IqdnXNOeTtP4r0lN9z7AAawCXgqea7bDii20AYrIBrFd/Hx0M2Ocz6S111CaFkUcb0Q==}
    engines: {node: '>=0.8.x'}
    dev: true

  /fast-fifo/1.1.0:
    resolution: {integrity: sha512-Kl29QoNbNvn4nhDsLYjyIAaIqaJB6rBx5p3sL9VjaefJ+eMFBWVZiaoguaoZfzEKr5RhAti0UgM8703akGPJ6g==}

  /fill-range/7.0.1:
    resolution: {integrity: sha512-qOo9F+dMUmC2Lcb4BbVvnKJxTPjCm+RRpe4gDuGrzkL7mEVl/djYSu2OdQ2Pa302N4oqkSg9ir6jaLWJ2USVpQ==}
    engines: {node: '>=8'}
    dependencies:
      to-regex-range: 5.0.1
    dev: true

  /flat-tree/1.9.0:
    resolution: {integrity: sha512-WRu5/q9fcdL9f7L6Ahq8fR153e5Zr5aU6plPHupN6JDWuvEJbMjrEQprge3/I7ytndHC6/GUNg5Rg8XEisuv5w==}
    dev: true

  /fs-native-extensions/1.2.0:
    resolution: {integrity: sha512-SIHH84fx7NLGfvRDkaLrfAnsCljwEAjCLy+CfR0r27wcrhed0xpqzP3o8kVCADlX3316BgiUGVx+yuI5EhgV5w==}
    requiresBuild: true
    dependencies:
      napi-macros: 2.2.2
      node-gyp-build: 4.6.0
      uv-errors: 1.0.1
    dev: true
    optional: true

  /fsevents/2.3.2:
    resolution: {integrity: sha512-xiqMQR4xAeHTuB9uWm+fFRcIOgKBMiOBP+eXiyT7jsgVCq1bkVygt00oASowB7EdtpOHaaPgKt812P9ab+DDKA==}
    engines: {node: ^8.16.0 || ^10.6.0 || >=11.0.0}
    os: [darwin]
    requiresBuild: true
    dev: true
    optional: true

  /glob-parent/5.1.2:
    resolution: {integrity: sha512-AOIgSQCepiJYwP3ARnGx+5VnTu2HBYdzbGP45eLw1vr3zB3vZLeyed1sC9hnbcOc9/SrMyM5RPQrkGz4aS9Zow==}
    engines: {node: '>= 6'}
    dependencies:
      is-glob: 4.0.3
    dev: true

  /has-flag/3.0.0:
    resolution: {integrity: sha512-sKJf1+ceQBr4SMkvQnBDNDtf4TXpVhVGateu0t918bl30FnbE2m4vNLX+VWe/dpjlb+HugGYzW7uQXH98HPEYw==}
    engines: {node: '>=4'}
    dev: true

  /hyperbee/2.2.0:
    resolution: {integrity: sha512-zup1IXxmdabvzRGe4bPWW868mLgvofl/aofK1IKka7TOajMGrQdMzCoWJfeXu7+n/PyIVt58totuVGhmOpsXAw==}
    dependencies:
      b4a: 1.6.1
      codecs: 3.0.0
      mutexify: 1.4.0
      protocol-buffers-encodings: 1.2.0
      streamx: 2.13.0
    dev: false

  /hyperblobs/2.0.1:
    resolution: {integrity: sha512-Vy4Ak1vyC5IRzrzfOfLWZdzwP6nnT6tzf3WNMuU/s2/FLGMsIjwrQznCCEefjcfZOAxygfSk+21ItdYQG1lA2A==}
    dependencies:
      b4a: 1.6.1
      mutexify: 1.4.0
      streamx: 2.13.0
    dev: false

  /hypercore-crypto/3.3.1:
    resolution: {integrity: sha512-Fo0ZBMDW3P7HFh58AQdxsVop0Xh0Bper4Pyl5Dpc+tvGos6je2ufJpeepaHaI0mNkKq4we1ikd47kTnx2XJd/w==}
    dependencies:
      b4a: 1.6.1
      compact-encoding: 2.11.0
      sodium-universal: 4.0.0
    dev: true

  /hypercore/10.5.4:
    resolution: {integrity: sha512-63Qj2OMDzjYkq3pHsqVjqrDI/mfYJu8V9VGGj7Ib9J1zvkDUW8TgqobuZZ0r12MLGDeG/Opu4BccbLU3+sqUeg==}
    dependencies:
      '@hyperswarm/secret-stream': 6.1.2
      b4a: 1.6.1
      big-sparse-array: 1.0.3
      compact-encoding: 2.11.0
      crc-universal: 1.0.2
      events: 3.3.0
      flat-tree: 1.9.0
      hypercore-crypto: 3.3.1
      is-options: 1.0.2
      protomux: 3.4.1
      quickbit-universal: 2.0.3
      random-access-file: 4.0.0
      random-array-iterator: 1.0.0
      safety-catch: 1.0.2
      sodium-universal: 4.0.0
      streamx: 2.13.0
      xache: 1.1.0
      z32: 1.0.0
    dev: true

  /hyperdrive/11.0.0-alpha.10:
    resolution: {integrity: sha512-Lzn8Pf/93OM+wsGL++l0ShH7BLa/qcmuPNDcA1z2gYMIR7tiwc/dIwM8jNUhDbAZ9l0FL3xaNASeGxJxxpuRAw==}
    dependencies:
      hyperbee: 2.2.0
      hyperblobs: 2.0.1
      is-options: 1.0.2
      mirror-drive: 1.2.1
      streamx: 2.13.0
      unix-path-resolve: 1.0.2
    dev: false

  /ignore-by-default/1.0.1:
    resolution: {integrity: sha512-Ius2VYcGNk7T90CppJqcIkS5ooHUZyIQK+ClZfMfMNFEF9VSE73Fq+906u/CWu92x4gzZMWOwfFYckPObzdEbA==}
    dev: true

  /is-binary-path/2.1.0:
    resolution: {integrity: sha512-ZMERYes6pDydyuGidse7OsHxtbI7WVeUEozgR/g7rd0xUimYNlvZRE/K2MgZTjWy725IfelLeVcEM97mmtRGXw==}
    engines: {node: '>=8'}
    dependencies:
      binary-extensions: 2.2.0
    dev: true

  /is-extglob/2.1.1:
    resolution: {integrity: sha512-SbKbANkN603Vi4jEZv49LeVJMn4yGwsbzZworEoyEiutsN3nJYdbO36zfhGJ6QEDpOZIFkDtnq5JRxmvl3jsoQ==}
    engines: {node: '>=0.10.0'}
    dev: true

  /is-glob/4.0.3:
    resolution: {integrity: sha512-xelSayHH36ZgE7ZWhli7pW34hNbNl8Ojv5KVmkJD4hBdD3th8Tfk9vYasLM+mXWOZhFkgZfxhLSnrwRr4elSSg==}
    engines: {node: '>=0.10.0'}
    dependencies:
      is-extglob: 2.1.1
    dev: true

  /is-number/7.0.0:
    resolution: {integrity: sha512-41Cifkg6e8TylSpdtTpeLVMqvSBEVzTttHvERD741+pnZ8ANv0004MRL43QKPDlK9cGvNp6NZWZUBlbGXYxxng==}
    engines: {node: '>=0.12.0'}
    dev: true

  /is-options/1.0.2:
    resolution: {integrity: sha512-u+Ai74c8Q74aS8BuHwPdI1jptGOT1FQXgCq8/zv0xRuE+wRgSMEJLj8lVO8Zp9BeGb29BXY6AsNPinfqjkr7Fg==}
    dependencies:
      b4a: 1.6.1

  /minimatch/3.1.2:
    resolution: {integrity: sha512-J7p63hRiAjw1NDEww1W7i37+ByIrOWO5XQQAzZ3VOcL0PNybwpfmV/N05zFAzwQ9USyEcX6t3UO+K5aqBQOIHw==}
    dependencies:
      brace-expansion: 1.1.11
    dev: true

  /mirror-drive/1.2.1:
    resolution: {integrity: sha512-1Y6vj25cVXIxzkiN9HRPOLunk/KnWAFG+EDHtjMBt/ydaD9UKUsqb0p/ly1ht/vFtDTvWEW5lPoIll6hzvMu3g==}
    dependencies:
      binary-stream-equals: 1.0.0
      same-data: 1.0.0
    dev: false

  /ms/2.1.3:
    resolution: {integrity: sha512-6FlzubTLZG3J2a/NVCAleEhjzq5oxgHyaCU9yYXvcLsvoVaHJq/s5xXI6/XXP6tz7R9xAOtHnSO/tXtF3WRTlA==}
    dev: true

  /mutexify/1.4.0:
    resolution: {integrity: sha512-pbYSsOrSB/AKN5h/WzzLRMFgZhClWccf2XIB4RSMC8JbquiB0e0/SH5AIfdQMdyHmYtv4seU7yV/TvAwPLJ1Yg==}
    dependencies:
      queue-tick: 1.0.1
    dev: false

  /nanoassert/2.0.0:
    resolution: {integrity: sha512-7vO7n28+aYO4J+8w96AzhmU8G+Y/xpPDJz/se19ICsqj/momRbb9mh9ZUtkoJ5X3nTnPdhEJyc0qnM6yAsHBaA==}
    dev: true

  /napi-macros/2.2.2:
    resolution: {integrity: sha512-hmEVtAGYzVQpCKdbQea4skABsdXW4RUh5t5mJ2zzqowJS2OyXZTU1KhDVFhx+NlWZ4ap9mqR9TcDO3LTTttd+g==}
    dev: true
    optional: true

  /node-gyp-build/4.6.0:
    resolution: {integrity: sha512-NTZVKn9IylLwUzaKjkas1e4u2DLNcV4rdYagA4PWdPwW87Bi7z+BznyKSRwS/761tV/lzCGXplWsiaMjLqP2zQ==}
    hasBin: true
    dev: true

  /nodemon/2.0.20:
    resolution: {integrity: sha512-Km2mWHKKY5GzRg6i1j5OxOHQtuvVsgskLfigG25yTtbyfRGn/GNvIbRyOf1PSCKJ2aT/58TiuUsuOU5UToVViw==}
    engines: {node: '>=8.10.0'}
    hasBin: true
    dependencies:
      chokidar: 3.5.3
      debug: 3.2.7_supports-color@5.5.0
      ignore-by-default: 1.0.1
      minimatch: 3.1.2
      pstree.remy: 1.1.8
      semver: 5.7.1
      simple-update-notifier: 1.1.0
      supports-color: 5.5.0
      touch: 3.1.0
      undefsafe: 2.0.5
    dev: true

  /noise-curve-ed/2.0.1:
    resolution: {integrity: sha512-8HMZ40Wmarg8RQjVemLrjB49JSL6eGeOD+tlzaQW5/p+hNPfHFEMC3UZZ57zUqUprMuz6GN+gsPExpz2DWL+iA==}
    dependencies:
      b4a: 1.6.1
      nanoassert: 2.0.0
      sodium-universal: 4.0.0
    dev: true

  /noise-handshake/3.0.2:
    resolution: {integrity: sha512-4RQ9/6R/GLKA3DPcLDeo954ZBZezHBNpc4YnhyisZ9DPiTRnc81aGdCbH3J9pHllDfj82/f9wKHRRsU7C6pNEg==}
    dependencies:
      b4a: 1.6.1
      nanoassert: 2.0.0
      sodium-universal: 4.0.0
    dev: true

  /nopt/1.0.10:
    resolution: {integrity: sha512-NWmpvLSqUrgrAC9HCuxEvb+PSloHpqVu+FqcO4eeF2h5qYRhA7ev6KvelyQAKtegUbC6RypJnlEOhd8vloNKYg==}
    hasBin: true
    dependencies:
      abbrev: 1.1.1
    dev: true

  /normalize-path/3.0.0:
    resolution: {integrity: sha512-6eZs5Ls3WtCisHWp9S2GUy8dqkpGi4BVSz3GaqiE6ezub0512ESztXUwUB6C6IKbQkY2Pnb/mD4WYojCRwcwLA==}
    engines: {node: '>=0.10.0'}
    dev: true

  /picomatch/2.3.1:
    resolution: {integrity: sha512-JU3teHTNjmE2VCGFzuY8EXzCDVwEqB2a8fsIvwaStHhAWJEeVd1o1QD80CU6+ZdEXXSLbSsuLwJjkCBWqRQUVA==}
    engines: {node: '>=8.6'}
    dev: true

  /protocol-buffers-encodings/1.2.0:
    resolution: {integrity: sha512-daeNPuKh1NlLD1uDfbLpD+xyUTc07nEtfHwmBZmt/vH0B7VOM+JOCOpDcx9ZRpqHjAiIkGqyTDi+wfGSl17R9w==}
    dependencies:
      b4a: 1.6.1
      signed-varint: 2.0.1
      varint: 5.0.0
    dev: false

  /protomux/3.4.1:
    resolution: {integrity: sha512-V8MDCiDGqxM4/hGOewmezbCX7HZfcYGtpdO0MK6pEhBLSknENuqqE98OEWyQuwDalfHULVO8ml7LSwTB5g5Z6g==}
    dependencies:
      b4a: 1.6.1
      compact-encoding: 2.11.0
      queue-tick: 1.0.1
      safety-catch: 1.0.2
    dev: true

  /pstree.remy/1.1.8:
    resolution: {integrity: sha512-77DZwxQmxKnu3aR542U+X8FypNzbfJ+C5XQDk3uWjWxn6151aIMGthWYRXTqT1E5oJvg+ljaa2OJi+VfvCOQ8w==}
    dev: true

  /queue-tick/1.0.1:
    resolution: {integrity: sha512-kJt5qhMxoszgU/62PLP1CJytzd2NKetjSRnyuj31fDd3Rlcz3fzlFdFLD1SItunPwyqEOkca6GbV612BWfaBag==}

  /quickbit-universal/2.0.3:
    resolution: {integrity: sha512-cdyTFj+fa7iGHMNM/gMXJscTiRZt6yIhRx8fYIFT+xaxXPB3dmSy1mY9BkDf21ONqb6PZMggm5E1Huj+72+bjQ==}
    dependencies:
      b4a: 1.6.1
      node-gyp-build: 4.6.0
      simdle-universal: 1.1.0
    dev: true

  /random-access-file/4.0.0:
    resolution: {integrity: sha512-9nk4xujIoF1bGVxd6XiM/3cnJevNYLAjv9nPmJXbCn/3fxXBr9jb9IodIDJvtiTKFwVzlwGzGGqM+zVbRw6Yaw==}
    dependencies:
      random-access-storage: 3.0.0
    optionalDependencies:
      fs-native-extensions: 1.2.0
    dev: true

  /random-access-memory/6.1.0:
    resolution: {integrity: sha512-CIBEE+mtcCBhMQwKIfhch+bsWRzy2gWacvO7h30jrKL8h6vsy0cC7Ke+4X28llAeNgkgvwpK5deqdZml1Xprnw==}
    dependencies:
      b4a: 1.6.1
      is-options: 1.0.2
      random-access-storage: 3.0.0
    dev: true

  /random-access-storage/3.0.0:
    resolution: {integrity: sha512-f9KeHUMhrqj0hE2d4HbUXk/Cd5vElaVzdA0PuqPTlnxsG3dDvwQaMg8POT5tWK6UxJ80zAONZpHgLPMnnff1RA==}
    dependencies:
      events: 3.3.0
      queue-tick: 1.0.1
    dev: true

  /random-array-iterator/1.0.0:
    resolution: {integrity: sha512-u7xCM93XqKEvPTP6xZp2ehttcAemKnh73oKNf1FvzuVCfpt6dILDt1Kxl1LeBjm2iNIeR49VGFhy4Iz3yOun+Q==}
    dev: true

  /readdirp/3.6.0:
    resolution: {integrity: sha512-hOS089on8RduqdbhvQ5Z37A0ESjsqz6qnRcffsMU3495FuTdqSm+7bhJ29JvIOsBDEEnan5DPu9t3To9VRlMzA==}
    engines: {node: '>=8.10.0'}
    dependencies:
      picomatch: 2.3.1
    dev: true

  /safety-catch/1.0.2:
    resolution: {integrity: sha512-C1UYVZ4dtbBxEtvOcpjBaaD27nP8MlvyAQEp2fOTOEe6pfUpk1cDUxij6BR1jZup6rSyUTaBBplK7LanskrULA==}
    dev: true

  /same-data/1.0.0:
    resolution: {integrity: sha512-Eqn7N2yV+aKMlUHTRqUwYG1Iv0cJqjlvLKj/GoP5PozJn361QaOYX14+v87r7NqQUZC22noP/LfLrSQiPwAygw==}
    dev: false

  /semver/5.7.1:
    resolution: {integrity: sha512-sauaDf/PZdVgrLTNYHRtpXa1iRiKcaebiKQ1BJdpQlWH2lCvexQdX55snPFyK7QzpudqbCI0qXFfOasHdyNDGQ==}
    hasBin: true
    dev: true

  /semver/7.0.0:
    resolution: {integrity: sha512-+GB6zVA9LWh6zovYQLALHwv5rb2PHGlJi3lfiqIHxR0uuwCgefcOJc59v9fv1w8GbStwxuuqqAjI9NMAOOgq1A==}
    hasBin: true
    dev: true

  /sha256-universal/1.2.1:
    resolution: {integrity: sha512-ghn3muhdn1ailCQqqceNxRgkOeZSVfSE13RQWEg6njB+itsFzGVSJv+O//2hvNXZuxVIRyNzrgsZ37SPDdGJJw==}
    dependencies:
      b4a: 1.6.1
      sha256-wasm: 2.2.2
    dev: true

  /sha256-wasm/2.2.2:
    resolution: {integrity: sha512-qKSGARvao+JQlFiA+sjJZhJ/61gmW/3aNLblB2rsgIxDlDxsJPHo8a1seXj12oKtuHVgJSJJ7QEGBUYQN741lQ==}
    dependencies:
      b4a: 1.6.1
      nanoassert: 2.0.0
    dev: true

  /sha512-universal/1.2.1:
    resolution: {integrity: sha512-kehYuigMoRkIngCv7rhgruLJNNHDnitGTBdkcYbCbooL8Cidj/bS78MDxByIjcc69M915WxcQTgZetZ1JbeQTQ==}
    dependencies:
      b4a: 1.6.1
      sha512-wasm: 2.3.4
    dev: true

  /sha512-wasm/2.3.4:
    resolution: {integrity: sha512-akWoxJPGCB3aZCrZ+fm6VIFhJ/p8idBv7AWGFng/CZIrQo51oQNsvDbTSRXWAzIiZJvpy16oIDiCCPqTe21sKg==}
    dependencies:
      b4a: 1.6.1
      nanoassert: 2.0.0
    dev: true

  /signed-varint/2.0.1:
    resolution: {integrity: sha512-abgDPg1106vuZZOvw7cFwdCABddfJRz5akcCcchzTbhyhYnsG31y4AlZEgp315T7W3nQq5P4xeOm186ZiPVFzw==}
    dependencies:
      varint: 5.0.0
    dev: false

  /simdle-universal/1.1.0:
    resolution: {integrity: sha512-ZH+N1FHGksLWcNgpuaVaX2pI86Zzu58Y5S1mNXd2HuMId75eRsrtpAmCG1RZJXclViUiACVsLA3LD3TQVpha5Q==}
    dependencies:
      b4a: 1.6.1
      node-gyp-build: 4.6.0
    dev: true

  /simple-update-notifier/1.1.0:
    resolution: {integrity: sha512-VpsrsJSUcJEseSbMHkrsrAVSdvVS5I96Qo1QAQ4FxQ9wXFcB+pjj7FB7/us9+GcgfW4ziHtYMc1J0PLczb55mg==}
    engines: {node: '>=8.10.0'}
    dependencies:
      semver: 7.0.0
    dev: true

  /siphash24/1.3.1:
    resolution: {integrity: sha512-moemC3ZKiTzH29nbFo3Iw8fbemWWod4vNs/WgKbQ54oEs6mE6XVlguxvinYjB+UmaE0PThgyED9fUkWvirT8hA==}
    dependencies:
      nanoassert: 2.0.0
    dev: true

  /sodium-javascript/0.8.0:
    resolution: {integrity: sha512-rEBzR5mPxPES+UjyMDvKPIXy9ImF17KOJ32nJNi9uIquWpS/nfj+h6m05J5yLJaGXjgM72LmQoUbWZVxh/rmGg==}
    dependencies:
      blake2b: 2.1.4
      chacha20-universal: 1.0.4
      nanoassert: 2.0.0
      sha256-universal: 1.2.1
      sha512-universal: 1.2.1
      siphash24: 1.3.1
      xsalsa20: 1.2.0
    dev: true

  /sodium-native/4.0.0:
    resolution: {integrity: sha512-U5nZ0sFHtPYJncNBS5SkmBnpSDeVpWuzo//07meNVO4p0K8ybcLuQxDX4ByCeVdT/9OLGa1ayvr1pB5iMBbh0g==}
    requiresBuild: true
    dependencies:
      node-gyp-build: 4.6.0
    dev: true

  /sodium-secretstream/1.1.0:
    resolution: {integrity: sha512-Qg7D2xomELDjDCWAmE4izk1aecG/il8pQIGmSWFaKgah/V58BVWG/PuSZF6vseTpcqnetIFGaOWzmPNzyTD50A==}
    dependencies:
      b4a: 1.6.1
      sodium-universal: 4.0.0
    dev: true

  /sodium-universal/4.0.0:
    resolution: {integrity: sha512-iKHl8XnBV96k1c75gwwzANFdephw/MDWSjQAjPmBE+du0y3P23Q8uf7AcdcfFsYAMwLg7WVBfSAIBtV/JvRsjA==}
    dependencies:
      blake2b: 2.1.4
      chacha20-universal: 1.0.4
      nanoassert: 2.0.0
      sha256-universal: 1.2.1
      sha512-universal: 1.2.1
      siphash24: 1.3.1
      sodium-javascript: 0.8.0
      sodium-native: 4.0.0
      xsalsa20: 1.2.0
    dev: true

  /streamx/2.13.0:
    resolution: {integrity: sha512-9jD4uoX0juNSIcv4PazT+97FpM4Mww3cp7PM23HRTLANhgb7K7n1mB45guH/kT5F4enl04kApOM3EeoUXSPfvw==}
    dependencies:
      fast-fifo: 1.1.0
      queue-tick: 1.0.1

  /supports-color/5.5.0:
    resolution: {integrity: sha512-QjVjwdXIt408MIiAqCX4oUKsgU2EqAGzs2Ppkm4aQYbjm+ZEWEcW4SfFNTr4uMNZma0ey4f5lgLrkB0aX0QMow==}
    engines: {node: '>=4'}
    dependencies:
      has-flag: 3.0.0
    dev: true

  /timeout-refresh/2.0.1:
    resolution: {integrity: sha512-SVqEcMZBsZF9mA78rjzCrYrUs37LMJk3ShZ851ygZYW1cMeIjs9mL57KO6Iv5mmjSQnOe/29/VAfGXo+oRCiVw==}
    dev: true

  /to-regex-range/5.0.1:
    resolution: {integrity: sha512-65P7iz6X5yEr1cwcgvQxbbIw7Uk3gOy5dIdtZ4rDveLqhrdJP+Li/Hx6tyK0NEb+2GCyneCMJiGqrADCSNk8sQ==}
    engines: {node: '>=8.0'}
    dependencies:
      is-number: 7.0.0
    dev: true

  /touch/3.1.0:
    resolution: {integrity: sha512-WBx8Uy5TLtOSRtIq+M03/sKDrXCLHxwDcquSP2c43Le03/9serjQBIztjRz6FkJez9D/hleyAXTBGLwwZUw9lA==}
    hasBin: true
    dependencies:
      nopt: 1.0.10
    dev: true

  /tslib/2.4.1:
    resolution: {integrity: sha512-tGyy4dAjRIEwI7BzsB0lynWgOpfqjUdq91XXAlIWD2OwKBH7oCl/GZG/HT4BOHrTlPMOASlMQ7veyTqpmRcrNA==}
    dev: true

  /typescript/4.9.4:
    resolution: {integrity: sha512-Uz+dTXYzxXXbsFpM86Wh3dKCxrQqUcVMxwU54orwlJjOpO3ao8L7j5lH+dWfTwgCwIuM9GQ2kvVotzYJMXTBZg==}
    engines: {node: '>=4.2.0'}
    hasBin: true
    dev: true

  /undefsafe/2.0.5:
    resolution: {integrity: sha512-WxONCrssBM8TSPRqN5EmsjVrsv4A8X12J4ArBiiayv3DyyG3ZlIg6yysuuSYdZsVz3TKcTg2fd//Ujd4CHV1iA==}
    dev: true

  /unix-path-resolve/1.0.2:
    resolution: {integrity: sha512-kG4g5nobBBaMnH2XbrS4sLUXEpx4nY2J3C6KAlAUcnahG2HChxSPVKWYrqEq76iTo+cyMkLUjqxGaQR2tz097Q==}
    dev: false

  /uv-errors/1.0.1:
    resolution: {integrity: sha512-7aN1LGdPZPfpaoECdV2QvnZhCyRR3TFdBC4cHqoqEUAGuhGjouCssfBqum3jZkOlNK8Iq9mj+CwL6Ml1XrPH+Q==}
    dev: true
    optional: true

  /varint/5.0.0:
    resolution: {integrity: sha512-gC13b/bWrqQoKY2EmROCZ+AR0jitc6DnDGaQ6Ls9QpKmuSgJB1eQ7H3KETtQm7qSdMWMKCmsshyCmUwMLh3OAA==}
    dev: false

  /xache/1.1.0:
    resolution: {integrity: sha512-RQGZDHLy/uCvnIrAvaorZH/e6Dfrtxj16iVlGjkj4KD2/G/dNXNqhk5IdSucv5nSSnDK00y8Y/2csyRdHveJ+Q==}
    dev: true

  /xsalsa20/1.2.0:
    resolution: {integrity: sha512-FIr/DEeoHfj7ftfylnoFt3rAIRoWXpx2AoDfrT2qD2wtp7Dp+COajvs/Icb7uHqRW9m60f5iXZwdsJJO3kvb7w==}
    dev: true

  /z32/1.0.0:
    resolution: {integrity: sha512-p3DhBJckAZj5XwYMJYeLlkgJJ+aEyCoOjTpK17I/MofVs70eR+WQPXQpk1LEmMweB2JbUx0naFXPPI2EGaVX6w==}
    dependencies:
      b4a: 1.6.1
    dev: true
